
Microsoft Visual Studio Solution File, Format Version 12.00
# Visual Studio 2012
Project("{8BC9CEB8-8B4A-11D0-8D11-00A0C91BC942}") = "stack-skobki", "stack-skobki\stack-skobki.vcxproj", "{2FA24890-BB3C-4A97-A459-49E727FB4C85}"
EndProject
Global
	GlobalSection(SolutionConfigurationPlatforms) = preSolution
		Debug|Win32 = Debug|Win32
		Release|Win32 = Release|Win32
	EndGlobalSection
	GlobalSection(ProjectConfigurationPlatforms) = postSolution
		{2FA24890-BB3C-4A97-A459-49E727FB4C85}.Debug|Win32.ActiveCfg = Debug|Win32
		{2FA24890-BB3C-4A97-A459-49E727FB4C85}.Debug|Win32.Build.0 = Debug|Win32
		{2FA24890-BB3C-4A97-A459-49E727FB4C85}.Release|Win32.ActiveCfg = Release|Win32
		{2FA24890-BB3C-4A97-A459-49E727FB4C85}.Release|Win32.Build.0 = Release|Win32
	EndGlobalSection
	GlobalSection(SolutionProperties) = preSolution
		HideSolutionNode = FALSE
	EndGlobalSection
EndGlobal
