
Microsoft Visual Studio Solution File, Format Version 12.00
# Visual Studio 2012
Project("{8BC9CEB8-8B4A-11D0-8D11-00A0C91BC942}") = "homework_2(5)", "homework_2(5)\homework_2(5).vcxproj", "{DD723096-7408-42D3-A0F2-F4BF0278A919}"
EndProject
Global
	GlobalSection(SolutionConfigurationPlatforms) = preSolution
		Debug|Win32 = Debug|Win32
		Release|Win32 = Release|Win32
	EndGlobalSection
	GlobalSection(ProjectConfigurationPlatforms) = postSolution
		{DD723096-7408-42D3-A0F2-F4BF0278A919}.Debug|Win32.ActiveCfg = Debug|Win32
		{DD723096-7408-42D3-A0F2-F4BF0278A919}.Debug|Win32.Build.0 = Debug|Win32
		{DD723096-7408-42D3-A0F2-F4BF0278A919}.Release|Win32.ActiveCfg = Release|Win32
		{DD723096-7408-42D3-A0F2-F4BF0278A919}.Release|Win32.Build.0 = Release|Win32
	EndGlobalSection
	GlobalSection(SolutionProperties) = preSolution
		HideSolutionNode = FALSE
	EndGlobalSection
EndGlobal
